// !$*UTF8*$!
{
	archiveVersion = 1;
	classes = {
	};
	objectVersion = 55;
	objects = {

/* Begin PBXBuildFile section */
		CF26DD23281DF067006B11D1 /* BoredAtHomeApp.swift in Sources */ = {isa = PBXBuildFile; fileRef = CF26DD22281DF067006B11D1 /* BoredAtHomeApp.swift */; };
		CF26DD25281DF067006B11D1 /* ContentView.swift in Sources */ = {isa = PBXBuildFile; fileRef = CF26DD24281DF067006B11D1 /* ContentView.swift */; };
		CF26DD27281DF069006B11D1 /* Assets.xcassets in Resources */ = {isa = PBXBuildFile; fileRef = CF26DD26281DF069006B11D1 /* Assets.xcassets */; };
		CF26DD2A281DF069006B11D1 /* Preview Assets.xcassets in Resources */ = {isa = PBXBuildFile; fileRef = CF26DD29281DF069006B11D1 /* Preview Assets.xcassets */; };
		CFE2A79728208AAA00083DF9 /* RandomActivity.swift in Sources */ = {isa = PBXBuildFile; fileRef = CFE2A79628208AAA00083DF9 /* RandomActivity.swift */; };
		CFE2A79928208F5E00083DF9 /* AddActivityView.swift in Sources */ = {isa = PBXBuildFile; fileRef = CFE2A79828208F5E00083DF9 /* AddActivityView.swift */; };
		CFE2A79B282099C500083DF9 /* ActivitiesClass.swift in Sources */ = {isa = PBXBuildFile; fileRef = CFE2A79A282099C500083DF9 /* ActivitiesClass.swift */; };
/* End PBXBuildFile section */

/* Begin PBXFileReference section */
		CF26DD1F281DF067006B11D1 /* BoredAtHome.app */ = {isa = PBXFileReference; explicitFileType = wrapper.application; includeInIndex = 0; path = BoredAtHome.app; sourceTree = BUILT_PRODUCTS_DIR; };
		CF26DD22281DF067006B11D1 /* BoredAtHomeApp.swift */ = {isa = PBXFileReference; lastKnownFileType = sourcecode.swift; path = BoredAtHomeApp.swift; sourceTree = "<group>"; };
		CF26DD24281DF067006B11D1 /* ContentView.swift */ = {isa = PBXFileReference; lastKnownFileType = sourcecode.swift; path = ContentView.swift; sourceTree = "<group>"; };
		CF26DD26281DF069006B11D1 /* Assets.xcassets */ = {isa = PBXFileReference; lastKnownFileType = folder.assetcatalog; path = Assets.xcassets; sourceTree = "<group>"; };
		CF26DD29281DF069006B11D1 /* Preview Assets.xcassets */ = {isa = PBXFileReference; lastKnownFileType = folder.assetcatalog; path = "Preview Assets.xcassets"; sourceTree = "<group>"; };
		CFE2A79628208AAA00083DF9 /* RandomActivity.swift */ = {isa = PBXFileReference; lastKnownFileType = sourcecode.swift; path = RandomActivity.swift; sourceTree = "<group>"; };
		CFE2A79828208F5E00083DF9 /* AddActivityView.swift */ = {isa = PBXFileReference; lastKnownFileType = sourcecode.swift; path = AddActivityView.swift; sourceTree = "<group>"; };
		CFE2A79A282099C500083DF9 /* ActivitiesClass.swift */ = {isa = PBXFileReference; lastKnownFileType = sourcecode.swift; path = ActivitiesClass.swift; sourceTree = "<group>"; };
/* End PBXFileReference section */

/* Begin PBXFrameworksBuildPhase section */
		CF26DD1C281DF067006B11D1 /* Frameworks */ = {
			isa = PBXFrameworksBuildPhase;
			buildActionMask = 2147483647;
			files = (
			);
			runOnlyForDeploymentPostprocessing = 0;
		};
/* End PBXFrameworksBuildPhase section */

/* Begin PBXGroup section */
		CF26DD16281DF067006B11D1 = {
			isa = PBXGroup;
			children = (
				CF26DD21281DF067006B11D1 /* BoredAtHome */,
				CF26DD20281DF067006B11D1 /* Products */,
			);
			sourceTree = "<group>";
		};
		CF26DD20281DF067006B11D1 /* Products */ = {
			isa = PBXGroup;
			children = (
				CF26DD1F281DF067006B11D1 /* BoredAtHome.app */,
			);
			name = Products;
			sourceTree = "<group>";
		};
		CF26DD21281DF067006B11D1 /* BoredAtHome */ = {
			isa = PBXGroup;
			children = (
				CF26DD22281DF067006B11D1 /* BoredAtHomeApp.swift */,
				CF26DD24281DF067006B11D1 /* ContentView.swift */,
				CFE2A79828208F5E00083DF9 /* AddActivityView.swift */,
				CFE2A79A282099C500083DF9 /* ActivitiesClass.swift */,
				CFE2A79628208AAA00083DF9 /* RandomActivity.swift */,
				CF26DD26281DF069006B11D1 /* Assets.xcassets */,
				CF26DD28281DF069006B11D1 /* Preview Content */,
			);
			path = BoredAtHome;
			sourceTree = "<group>";
		};
		CF26DD28281DF069006B11D1 /* Preview Content */ = {
			isa = PBXGroup;
			children = (
				CF26DD29281DF069006B11D1 /* Preview Assets.xcassets */,
			);
			path = "Preview Content";
			sourceTree = "<group>";
		};
/* End PBXGroup section */

/* Begin PBXNativeTarget section */
		CF26DD1E281DF067006B11D1 /* BoredAtHome */ = {
			isa = PBXNativeTarget;
			buildConfigurationList = CF26DD2D281DF069006B11D1 /* Build configuration list for PBXNativeTarget "BoredAtHome" */;
			buildPhases = (
				CF26DD1B281DF067006B11D1 /* Sources */,
				CF26DD1C281DF067006B11D1 /* Frameworks */,
				CF26DD1D281DF067006B11D1 /* Resources */,
			);
			buildRules = (
			);
			dependencies = (
			);
			name = BoredAtHome;
			productName = BoredAtHome;
			productReference = CF26DD1F281DF067006B11D1 /* BoredAtHome.app */;
			productType = "com.apple.product-type.application";
		};
/* End PBXNativeTarget section */

/* Begin PBXProject section */
		CF26DD17281DF067006B11D1 /* Project object */ = {
			isa = PBXProject;
			attributes = {
				BuildIndependentTargetsInParallel = 1;
				LastSwiftUpdateCheck = 1330;
				LastUpgradeCheck = 1330;
				TargetAttributes = {
					CF26DD1E281DF067006B11D1 = {
						CreatedOnToolsVersion = 13.3.1;
					};
				};
			};
			buildConfigurationList = CF26DD1A281DF067006B11D1 /* Build configuration list for PBXProject "BoredAtHome" */;
			compatibilityVersion = "Xcode 13.0";
			developmentRegion = en;
			hasScannedForEncodings = 0;
			knownRegions = (
				en,
				Base,
			);
			mainGroup = CF26DD16281DF067006B11D1;
			productRefGroup = CF26DD20281DF067006B11D1 /* Products */;
			projectDirPath = "";
			projectRoot = "";
			targets = (
				CF26DD1E281DF067006B11D1 /* BoredAtHome */,
			);
		};
/* End PBXProject section */

/* Begin PBXResourcesBuildPhase section */
		CF26DD1D281DF067006B11D1 /* Resources */ = {
			isa = PBXResourcesBuildPhase;
			buildActionMask = 2147483647;
			files = (
				CF26DD2A281DF069006B11D1 /* Preview Assets.xcassets in Resources */,
				CF26DD27281DF069006B11D1 /* Assets.xcassets in Resources */,
			);
			runOnlyForDeploymentPostprocessing = 0;
		};
/* End PBXResourcesBuildPhase section */

/* Begin PBXSourcesBuildPhase section */
		CF26DD1B281DF067006B11D1 /* Sources */ = {
			isa = PBXSourcesBuildPhase;
			buildActionMask = 2147483647;
			files = (
				CF26DD25281DF067006B11D1 /* ContentView.swift in Sources */,
				CFE2A79928208F5E00083DF9 /* AddActivityView.swift in Sources */,
				CFE2A79B282099C500083DF9 /* ActivitiesClass.swift in Sources */,
				CFE2A79728208AAA00083DF9 /* RandomActivity.swift in Sources */,
				CF26DD23281DF067006B11D1 /* BoredAtHomeApp.swift in Sources */,
			);
			runOnlyForDeploymentPostprocessing = 0;
		};
/* End PBXSourcesBuildPhase section */

/* Begin XCBuildConfiguration section */
		CF26DD2B281DF069006B11D1 /* Debug */ = {
			isa = XCBuildConfiguration;
			buildSettings = {
				ALWAYS_SEARCH_USER_PATHS = NO;
				CLANG_ANALYZER_NONNULL = YES;
				CLANG_ANALYZER_NUMBER_OBJECT_CONVERSION = YES_AGGRESSIVE;
				CLANG_CXX_LANGUAGE_STANDARD = "gnu++17";
				CLANG_ENABLE_MODULES = YES;
				CLANG_ENABLE_OBJC_ARC = YES;
				CLANG_ENABLE_OBJC_WEAK = YES;
				CLANG_WARN_BLOCK_CAPTURE_AUTORELEASING = YES;
				CLANG_WARN_BOOL_CONVERSION = YES;
				CLANG_WARN_COMMA = YES;
				CLANG_WARN_CONSTANT_CONVERSION = YES;
				CLANG_WARN_DEPRECATED_OBJC_IMPLEMENTATIONS = YES;
				CLANG_WARN_DIRECT_OBJC_ISA_USAGE = YES_ERROR;
				CLANG_WARN_DOCUMENTATION_COMMENTS = YES;
				CLANG_WARN_EMPTY_BODY = YES;
				CLANG_WARN_ENUM_CONVERSION = YES;
				CLANG_WARN_INFINITE_RECURSION = YES;
				CLANG_WARN_INT_CONVERSION = YES;
				CLANG_WARN_NON_LITERAL_NULL_CONVERSION = YES;
				CLANG_WARN_OBJC_IMPLICIT_RETAIN_SELF = YES;
				CLANG_WARN_OBJC_LITERAL_CONVERSION = YES;
				CLANG_WARN_OBJC_ROOT_CLASS = YES_ERROR;
				CLANG_WARN_QUOTED_INCLUDE_IN_FRAMEWORK_HEADER = YES;
				CLANG_WARN_RANGE_LOOP_ANALYSIS = YES;
				CLANG_WARN_STRICT_PROTOTYPES = YES;
				CLANG_WARN_SUSPICIOUS_MOVE = YES;
				CLANG_WARN_UNGUARDED_AVAILABILITY = YES_AGGRESSIVE;
				CLANG_WARN_UNREACHABLE_CODE = YES;
				CLANG_WARN__DUPLICATE_METHOD_MATCH = YES;
				COPY_PHASE_STRIP = NO;
				DEBUG_INFORMATION_FORMAT = dwarf;
				ENABLE_STRICT_OBJC_MSGSEND = YES;
				ENABLE_TESTABILITY = YES;
				GCC_C_LANGUAGE_STANDARD = gnu11;
				GCC_DYNAMIC_NO_PIC = NO;
				GCC_NO_COMMON_BLOCKS = YES;
				GCC_OPTIMIZATION_LEVEL = 0;
				GCC_PREPROCESSOR_DEFINITIONS = (
					"DEBUG=1",
					"$(inherited)",
				);
				GCC_WARN_64_TO_32_BIT_CONVERSION = YES;
				GCC_WARN_ABOUT_RETURN_TYPE = YES_ERROR;
				GCC_WARN_UNDECLARED_SELECTOR = YES;
				GCC_WARN_UNINITIALIZED_AUTOS = YES_AGGRESSIVE;
				GCC_WARN_UNUSED_FUNCTION = YES;
				GCC_WARN_UNUSED_VARIABLE = YES;
				IPHONEOS_DEPLOYMENT_TARGET = 15.4;
				MTL_ENABLE_DEBUG_INFO = INCLUDE_SOURCE;
				MTL_FAST_MATH = YES;
				ONLY_ACTIVE_ARCH = YES;
				SDKROOT = iphoneos;
				SWIFT_ACTIVE_COMPILATION_CONDITIONS = DEBUG;
				SWIFT_OPTIMIZATION_LEVEL = "-Onone";
			};
			name = Debug;
		};
		CF26DD2C281DF069006B11D1 /* Release */ = {
			isa = XCBuildConfiguration;
			buildSettings = {
				ALWAYS_SEARCH_USER_PATHS = NO;
				CLANG_ANALYZER_NONNULL = YES;
				CLANG_ANALYZER_NUMBER_OBJECT_CONVERSION = YES_AGGRESSIVE;
				CLANG_CXX_LANGUAGE_STANDARD = "gnu++17";
				CLANG_ENABLE_MODULES = YES;
				CLANG_ENABLE_OBJC_ARC = YES;
				CLANG_ENABLE_OBJC_WEAK = YES;
				CLANG_WARN_BLOCK_CAPTURE_AUTORELEASING = YES;
				CLANG_WARN_BOOL_CONVERSION = YES;
				CLANG_WARN_COMMA = YES;
				CLANG_WARN_CONSTANT_CONVERSION = YES;
				CLANG_WARN_DEPRECATED_OBJC_IMPLEMENTATIONS = YES;
				CLANG_WARN_DIRECT_OBJC_ISA_USAGE = YES_ERROR;
				CLANG_WARN_DOCUMENTATION_COMMENTS = YES;
				CLANG_WARN_EMPTY_BODY = YES;
				CLANG_WARN_ENUM_CONVERSION = YES;
				CLANG_WARN_INFINITE_RECURSION = YES;
				CLANG_WARN_INT_CONVERSION = YES;
				CLANG_WARN_NON_LITERAL_NULL_CONVERSION = YES;
				CLANG_WARN_OBJC_IMPLICIT_RETAIN_SELF = YES;
				CLANG_WARN_OBJC_LITERAL_CONVERSION = YES;
				CLANG_WARN_OBJC_ROOT_CLASS = YES_ERROR;
				CLANG_WARN_QUOTED_INCLUDE_IN_FRAMEWORK_HEADER = YES;
				CLANG_WARN_RANGE_LOOP_ANALYSIS = YES;
				CLANG_WARN_STRICT_PROTOTYPES = YES;
				CLANG_WARN_SUSPICIOUS_MOVE = YES;
				CLANG_WARN_UNGUARDED_AVAILABILITY = YES_AGGRESSIVE;
				CLANG_WARN_UNREACHABLE_CODE = YES;
				CLANG_WARN__DUPLICATE_METHOD_MATCH = YES;
				COPY_PHASE_STRIP = NO;
				DEBUG_INFORMATION_FORMAT = "dwarf-with-dsym";
				ENABLE_NS_ASSERTIONS = NO;
				ENABLE_STRICT_OBJC_MSGSEND = YES;
				GCC_C_LANGUAGE_STANDARD = gnu11;
				GCC_NO_COMMON_BLOCKS = YES;
				GCC_WARN_64_TO_32_BIT_CONVERSION = YES;
				GCC_WARN_ABOUT_RETURN_TYPE = YES_ERROR;
				GCC_WARN_UNDECLARED_SELECTOR = YES;
				GCC_WARN_UNINITIALIZED_AUTOS = YES_AGGRESSIVE;
				GCC_WARN_UNUSED_FUNCTION = YES;
				GCC_WARN_UNUSED_VARIABLE = YES;
				IPHONEOS_DEPLOYMENT_TARGET = 15.4;
				MTL_ENABLE_DEBUG_INFO = NO;
				MTL_FAST_MATH = YES;
				SDKROOT = iphoneos;
				SWIFT_COMPILATION_MODE = wholemodule;
				SWIFT_OPTIMIZATION_LEVEL = "-O";
				VALIDATE_PRODUCT = YES;
			};
			name = Release;
		};
		CF26DD2E281DF069006B11D1 /* Debug */ = {
			isa = XCBuildConfiguration;
			buildSettings = {
				ASSETCATALOG_COMPILER_APPICON_NAME = AppIcon;
				ASSETCATALOG_COMPILER_GLOBAL_ACCENT_COLOR_NAME = AccentColor;
				CODE_SIGN_STYLE = Automatic;
				CURRENT_PROJECT_VERSION = 1;
				DEVELOPMENT_ASSET_PATHS = "\"BoredAtHome/Preview Content\"";
				DEVELOPMENT_TEAM = 5CXQ3DJ37A;
				ENABLE_PREVIEWS = YES;
				GENERATE_INFOPLIST_FILE = YES;
				INFOPLIST_KEY_UIApplicationSceneManifest_Generation = YES;
				INFOPLIST_KEY_UIApplicationSupportsIndirectInputEvents = YES;
				INFOPLIST_KEY_UILaunchScreen_Generation = YES;
				INFOPLIST_KEY_UISupportedInterfaceOrientations_iPad = "UIInterfaceOrientationPortrait UIInterfaceOrientationPortraitUpsideDown UIInterfaceOrientationLandscapeLeft UIInterfaceOrientationLandscapeRight";
				INFOPLIST_KEY_UISupportedInterfaceOrientations_iPhone = "UIInterfaceOrientationPortrait UIInterfaceOrientationLandscapeLeft UIInterfaceOrientationLandscapeRight";
				LD_RUNPATH_SEARCH_PATHS = (
					"$(inherited)",
					"@executable_path/Frameworks",
				);
				MARKETING_VERSION = 1.0;
				PRODUCT_BUNDLE_IDENTIFIER = com.JakeTamayo.BoredAtHome;
				PRODUCT_NAME = "$(TARGET_NAME)";
				SWIFT_EMIT_LOC_STRINGS = YES;
				SWIFT_VERSION = 5.0;
				TARGETED_DEVICE_FAMILY = "1,2";
			};
			name = Debug;
		};
		CF26DD2F281DF069006B11D1 /* Release */ = {
			isa = XCBuildConfiguration;
			buildSettings = {
				ASSETCATALOG_COMPILER_APPICON_NAME = AppIcon;
				ASSETCATALOG_COMPILER_GLOBAL_ACCENT_COLOR_NAME = AccentColor;
				CODE_SIGN_STYLE = Automatic;
				CURRENT_PROJECT_VERSION = 1;
				DEVELOPMENT_ASSET_PATHS = "\"BoredAtHome/Preview Content\"";
				DEVELOPMENT_TEAM = 5CXQ3DJ37A;
				ENABLE_PREVIEWS = YES;
				GENERATE_INFOPLIST_FILE = YES;
				INFOPLIST_KEY_UIApplicationSceneManifest_Generation = YES;
				INFOPLIST_KEY_UIApplicationSupportsIndirectInputEvents = YES;
				INFOPLIST_KEY_UILaunchScreen_Generation = YES;
				INFOPLIST_KEY_UISupportedInterfaceOrientations_iPad = "UIInterfaceOrientationPortrait UIInterfaceOrientationPortraitUpsideDown UIInterfaceOrientationLandscapeLeft UIInterfaceOrientationLandscapeRight";
				INFOPLIST_KEY_UISupportedInterfaceOrientations_iPhone = "UIInterfaceOrientationPortrait UIInterfaceOrientationLandscapeLeft UIInterfaceOrientationLandscapeRight";
				LD_RUNPATH_SEARCH_PATHS = (
					"$(inherited)",
					"@executable_path/Frameworks",
				);
				MARKETING_VERSION = 1.0;
				PRODUCT_BUNDLE_IDENTIFIER = com.JakeTamayo.BoredAtHome;
				PRODUCT_NAME = "$(TARGET_NAME)";
				SWIFT_EMIT_LOC_STRINGS = YES;
				SWIFT_VERSION = 5.0;
				TARGETED_DEVICE_FAMILY = "1,2";
			};
			name = Release;
		};
/* End XCBuildConfiguration section */

/* Begin XCConfigurationList section */
		CF26DD1A281DF067006B11D1 /* Build configuration list for PBXProject "BoredAtHome" */ = {
			isa = XCConfigurationList;
			buildConfigurations = (
				CF26DD2B281DF069006B11D1 /* Debug */,
				CF26DD2C281DF069006B11D1 /* Release */,
			);
			defaultConfigurationIsVisible = 0;
			defaultConfigurationName = Release;
		};
		CF26DD2D281DF069006B11D1 /* Build configuration list for PBXNativeTarget "BoredAtHome" */ = {
			isa = XCConfigurationList;
			buildConfigurations = (
				CF26DD2E281DF069006B11D1 /* Debug */,
				CF26DD2F281DF069006B11D1 /* Release */,
			);
			defaultConfigurationIsVisible = 0;
			defaultConfigurationName = Release;
		};
/* End XCConfigurationList section */
	};
	rootObject = CF26DD17281DF067006B11D1 /* Project object */;
}
